
Microsoft Visual Studio Solution File, Format Version 12.00
# Visual Studio 15
VisualStudioVersion = 15.0.27004.2005
MinimumVisualStudioVersion = 10.0.40219.1
Project("{FAE04EC0-301F-11D3-BF4B-00C04F79EFBC}") = "ProjetDotNet", "ProjetDotNet\ProjetDotNet.csproj", "{1AACF1AC-8D58-4D08-A661-BD89009BA609}"
EndProject
Global
	GlobalSection(SolutionConfigurationPlatforms) = preSolution
		Debug|Any CPU = Debug|Any CPU
		Release|Any CPU = Release|Any CPU
	EndGlobalSection
	GlobalSection(ProjectConfigurationPlatforms) = postSolution
		{1AACF1AC-8D58-4D08-A661-BD89009BA609}.Debug|Any CPU.ActiveCfg = Debug|Any CPU
		{1AACF1AC-8D58-4D08-A661-BD89009BA609}.Debug|Any CPU.Build.0 = Debug|Any CPU
		{1AACF1AC-8D58-4D08-A661-BD89009BA609}.Release|Any CPU.ActiveCfg = Release|Any CPU
		{1AACF1AC-8D58-4D08-A661-BD89009BA609}.Release|Any CPU.Build.0 = Release|Any CPU
	EndGlobalSection
	GlobalSection(SolutionProperties) = preSolution
		HideSolutionNode = FALSE
	EndGlobalSection
	GlobalSection(ExtensibilityGlobals) = postSolution
		SolutionGuid = {936DF86C-3298-435E-AD45-EAA49C24FAE2}
	EndGlobalSection
EndGlobal
